
Microsoft Visual Studio Solution File, Format Version 12.00
# Visual Studio 2013
VisualStudioVersion = 12.0.31101.0
MinimumVisualStudioVersion = 10.0.40219.1
Project("{FAE04EC0-301F-11D3-BF4B-00C04F79EFBC}") = "Performance", "src\Performance\Performance.csproj", "{F2CA84AE-4B7C-46F5-9889-82BC5F9F0F4E}"
	ProjectSection(ProjectDependencies) = postProject
		{7A0A1B39-6A9E-4169-AB81-2D6EF01EBF28} = {7A0A1B39-6A9E-4169-AB81-2D6EF01EBF28}
	EndProjectSection
EndProject
Project("{FAE04EC0-301F-11D3-BF4B-00C04F79EFBC}") = "Numerics", "src\Numerics\Numerics.csproj", "{B7CAE5F4-A23F-4438-B5BE-41226618B695}"
EndProject
Project("{8BC9CEB8-8B4A-11D0-8D11-00A0C91BC942}") = "NativePerformance", "src\NativePerformance\NativePerformance.vcxproj", "{7A0A1B39-6A9E-4169-AB81-2D6EF01EBF28}"
EndProject
Global
	GlobalSection(SolutionConfigurationPlatforms) = preSolution
		Debug|Any CPU = Debug|Any CPU
		Debug|Win32 = Debug|Win32
		Debug|x64 = Debug|x64
		Release (No native)|Any CPU = Release (No native)|Any CPU
		Release (No native)|Win32 = Release (No native)|Win32
		Release (No native)|x64 = Release (No native)|x64
		Release|Any CPU = Release|Any CPU
		Release|Win32 = Release|Win32
		Release|x64 = Release|x64
		Release-Signed|Any CPU = Release-Signed|Any CPU
		Release-Signed|Win32 = Release-Signed|Win32
		Release-Signed|x64 = Release-Signed|x64
	EndGlobalSection
	GlobalSection(ProjectConfigurationPlatforms) = postSolution
		{F2CA84AE-4B7C-46F5-9889-82BC5F9F0F4E}.Debug|Any CPU.ActiveCfg = Debug|x86
		{F2CA84AE-4B7C-46F5-9889-82BC5F9F0F4E}.Debug|Any CPU.Build.0 = Debug|x86
		{F2CA84AE-4B7C-46F5-9889-82BC5F9F0F4E}.Debug|Win32.ActiveCfg = Debug|x86
		{F2CA84AE-4B7C-46F5-9889-82BC5F9F0F4E}.Debug|Win32.Build.0 = Debug|x86
		{F2CA84AE-4B7C-46F5-9889-82BC5F9F0F4E}.Debug|x64.ActiveCfg = Debug|x64
		{F2CA84AE-4B7C-46F5-9889-82BC5F9F0F4E}.Debug|x64.Build.0 = Debug|x64
		{F2CA84AE-4B7C-46F5-9889-82BC5F9F0F4E}.Release (No native)|Any CPU.ActiveCfg = Release (No native)|x86
		{F2CA84AE-4B7C-46F5-9889-82BC5F9F0F4E}.Release (No native)|Win32.ActiveCfg = Release (No native)|x86
		{F2CA84AE-4B7C-46F5-9889-82BC5F9F0F4E}.Release (No native)|Win32.Build.0 = Release (No native)|x86
		{F2CA84AE-4B7C-46F5-9889-82BC5F9F0F4E}.Release (No native)|x64.ActiveCfg = Release (No native)|x64
		{F2CA84AE-4B7C-46F5-9889-82BC5F9F0F4E}.Release (No native)|x64.Build.0 = Release (No native)|x64
		{F2CA84AE-4B7C-46F5-9889-82BC5F9F0F4E}.Release|Any CPU.ActiveCfg = Release|x86
		{F2CA84AE-4B7C-46F5-9889-82BC5F9F0F4E}.Release|Win32.ActiveCfg = Release|x86
		{F2CA84AE-4B7C-46F5-9889-82BC5F9F0F4E}.Release|Win32.Build.0 = Release|x86
		{F2CA84AE-4B7C-46F5-9889-82BC5F9F0F4E}.Release|x64.ActiveCfg = Release|x64
		{F2CA84AE-4B7C-46F5-9889-82BC5F9F0F4E}.Release|x64.Build.0 = Release|x64
		{F2CA84AE-4B7C-46F5-9889-82BC5F9F0F4E}.Release-Signed|Any CPU.ActiveCfg = Release (No native)|x86
		{F2CA84AE-4B7C-46F5-9889-82BC5F9F0F4E}.Release-Signed|Win32.ActiveCfg = Release (No native)|x86
		{F2CA84AE-4B7C-46F5-9889-82BC5F9F0F4E}.Release-Signed|Win32.Build.0 = Release (No native)|x86
		{F2CA84AE-4B7C-46F5-9889-82BC5F9F0F4E}.Release-Signed|x64.ActiveCfg = Release|x64
		{F2CA84AE-4B7C-46F5-9889-82BC5F9F0F4E}.Release-Signed|x64.Build.0 = Release|x64
		{B7CAE5F4-A23F-4438-B5BE-41226618B695}.Debug|Any CPU.ActiveCfg = Debug|Any CPU
		{B7CAE5F4-A23F-4438-B5BE-41226618B695}.Debug|Any CPU.Build.0 = Debug|Any CPU
		{B7CAE5F4-A23F-4438-B5BE-41226618B695}.Debug|Win32.ActiveCfg = Debug|Any CPU
		{B7CAE5F4-A23F-4438-B5BE-41226618B695}.Debug|Win32.Build.0 = Debug|Any CPU
		{B7CAE5F4-A23F-4438-B5BE-41226618B695}.Debug|x64.ActiveCfg = Debug|Any CPU
		{B7CAE5F4-A23F-4438-B5BE-41226618B695}.Debug|x64.Build.0 = Debug|Any CPU
		{B7CAE5F4-A23F-4438-B5BE-41226618B695}.Release (No native)|Any CPU.ActiveCfg = Release|Any CPU
		{B7CAE5F4-A23F-4438-B5BE-41226618B695}.Release (No native)|Any CPU.Build.0 = Release|Any CPU
		{B7CAE5F4-A23F-4438-B5BE-41226618B695}.Release (No native)|Win32.ActiveCfg = Release|Any CPU
		{B7CAE5F4-A23F-4438-B5BE-41226618B695}.Release (No native)|Win32.Build.0 = Release|Any CPU
		{B7CAE5F4-A23F-4438-B5BE-41226618B695}.Release (No native)|x64.ActiveCfg = Release|Any CPU
		{B7CAE5F4-A23F-4438-B5BE-41226618B695}.Release (No native)|x64.Build.0 = Release|Any CPU
		{B7CAE5F4-A23F-4438-B5BE-41226618B695}.Release|Any CPU.ActiveCfg = Release|Any CPU
		{B7CAE5F4-A23F-4438-B5BE-41226618B695}.Release|Any CPU.Build.0 = Release|Any CPU
		{B7CAE5F4-A23F-4438-B5BE-41226618B695}.Release|Win32.ActiveCfg = Release|Any CPU
		{B7CAE5F4-A23F-4438-B5BE-41226618B695}.Release|Win32.Build.0 = Release|Any CPU
		{B7CAE5F4-A23F-4438-B5BE-41226618B695}.Release|x64.ActiveCfg = Release|Any CPU
		{B7CAE5F4-A23F-4438-B5BE-41226618B695}.Release|x64.Build.0 = Release|Any CPU
		{B7CAE5F4-A23F-4438-B5BE-41226618B695}.Release-Signed|Any CPU.ActiveCfg = Release-Signed|Any CPU
		{B7CAE5F4-A23F-4438-B5BE-41226618B695}.Release-Signed|Any CPU.Build.0 = Release-Signed|Any CPU
		{B7CAE5F4-A23F-4438-B5BE-41226618B695}.Release-Signed|Win32.ActiveCfg = Release-Signed|Any CPU
		{B7CAE5F4-A23F-4438-B5BE-41226618B695}.Release-Signed|Win32.Build.0 = Release-Signed|Any CPU
		{B7CAE5F4-A23F-4438-B5BE-41226618B695}.Release-Signed|x64.ActiveCfg = Release-Signed|Any CPU
		{B7CAE5F4-A23F-4438-B5BE-41226618B695}.Release-Signed|x64.Build.0 = Release-Signed|Any CPU
		{7A0A1B39-6A9E-4169-AB81-2D6EF01EBF28}.Debug|Any CPU.ActiveCfg = Debug|Win32
		{7A0A1B39-6A9E-4169-AB81-2D6EF01EBF28}.Debug|Any CPU.Build.0 = Debug|Win32
		{7A0A1B39-6A9E-4169-AB81-2D6EF01EBF28}.Debug|Win32.ActiveCfg = Debug|Win32
		{7A0A1B39-6A9E-4169-AB81-2D6EF01EBF28}.Debug|Win32.Build.0 = Debug|Win32
		{7A0A1B39-6A9E-4169-AB81-2D6EF01EBF28}.Debug|x64.ActiveCfg = Debug|x64
		{7A0A1B39-6A9E-4169-AB81-2D6EF01EBF28}.Debug|x64.Build.0 = Debug|x64
		{7A0A1B39-6A9E-4169-AB81-2D6EF01EBF28}.Release (No native)|Any CPU.ActiveCfg = Release|Win32
		{7A0A1B39-6A9E-4169-AB81-2D6EF01EBF28}.Release (No native)|Win32.ActiveCfg = Release|Win32
		{7A0A1B39-6A9E-4169-AB81-2D6EF01EBF28}.Release (No native)|x64.ActiveCfg = Release|x64
		{7A0A1B39-6A9E-4169-AB81-2D6EF01EBF28}.Release|Any CPU.ActiveCfg = Release|Win32
		{7A0A1B39-6A9E-4169-AB81-2D6EF01EBF28}.Release|Win32.ActiveCfg = Release|Win32
		{7A0A1B39-6A9E-4169-AB81-2D6EF01EBF28}.Release|Win32.Build.0 = Release|Win32
		{7A0A1B39-6A9E-4169-AB81-2D6EF01EBF28}.Release|x64.ActiveCfg = Release|x64
		{7A0A1B39-6A9E-4169-AB81-2D6EF01EBF28}.Release|x64.Build.0 = Release|x64
		{7A0A1B39-6A9E-4169-AB81-2D6EF01EBF28}.Release-Signed|Any CPU.ActiveCfg = Release|Win32
		{7A0A1B39-6A9E-4169-AB81-2D6EF01EBF28}.Release-Signed|Any CPU.Build.0 = Release|Win32
		{7A0A1B39-6A9E-4169-AB81-2D6EF01EBF28}.Release-Signed|Win32.ActiveCfg = Release|Win32
		{7A0A1B39-6A9E-4169-AB81-2D6EF01EBF28}.Release-Signed|Win32.Build.0 = Release|Win32
		{7A0A1B39-6A9E-4169-AB81-2D6EF01EBF28}.Release-Signed|x64.ActiveCfg = Release|x64
		{7A0A1B39-6A9E-4169-AB81-2D6EF01EBF28}.Release-Signed|x64.Build.0 = Release|x64
	EndGlobalSection
	GlobalSection(SolutionProperties) = preSolution
		HideSolutionNode = FALSE
	EndGlobalSection
EndGlobal
